{
  "name": "slack-gmail-addon",
  "version": "0.0.1",
  "lockfileVersion": 1,
  "requires": true,
  "devDependencies": {
    "@types/google-apps-script": {
      "version": "0.0.17",
      "resolved": "https://registry.npmjs.org/@types/google-apps-script/-/google-apps-script-0.0.17.tgz",
      "integrity": "sha512-Zj38GWaaWpuWCpHDvq0I8vnar7f1oz3DqY40Hh6F0fefuuLEXhJachCVTAgbJRXu7RtEexR/Dw/CBvjxIX9PAw=="
    },
    "@types/node": {
      "version": "8.0.47",
      "resolved": "https://registry.npmjs.org/@types/node/-/node-8.0.47.tgz",
      "integrity": "sha512-kOwL746WVvt/9Phf6/JgX/bsGQvbrK5iUgzyfwZNcKVFcjAUVSpF9HxevLTld2SG9aywYHOILj38arDdY1r/iQ=="
    }
  }
}
